// !$*UTF8*$!
{
	archiveVersion = 1;
	classes = {
	};
	objectVersion = 46;
	objects = {

/* Begin PBXBuildFile section */
		0A6D6EED18EF2392004975FD /* Foundation.framework in Frameworks */ = {isa = PBXBuildFile; fileRef = 0A6D6EEC18EF2392004975FD /* Foundation.framework */; };
		0A6D6EEF18EF2392004975FD /* CoreGraphics.framework in Frameworks */ = {isa = PBXBuildFile; fileRef = 0A6D6EEE18EF2392004975FD /* CoreGraphics.framework */; };
		0A6D6EF118EF2392004975FD /* UIKit.framework in Frameworks */ = {isa = PBXBuildFile; fileRef = 0A6D6EF018EF2392004975FD /* UIKit.framework */; };
		0A6D6EF718EF2392004975FD /* InfoPlist.strings in Resources */ = {isa = PBXBuildFile; fileRef = 0A6D6EF518EF2392004975FD /* InfoPlist.strings */; };
		0A6D6EF918EF2392004975FD /* main.m in Sources */ = {isa = PBXBuildFile; fileRef = 0A6D6EF818EF2392004975FD /* main.m */; };
		0A6D6EFD18EF2392004975FD /* YMLAppDelegate.m in Sources */ = {isa = PBXBuildFile; fileRef = 0A6D6EFC18EF2392004975FD /* YMLAppDelegate.m */; };
		0A6D6EFF18EF2392004975FD /* Images.xcassets in Resources */ = {isa = PBXBuildFile; fileRef = 0A6D6EFE18EF2392004975FD /* Images.xcassets */; };
		0A6D6F0618EF2392004975FD /* XCTest.framework in Frameworks */ = {isa = PBXBuildFile; fileRef = 0A6D6F0518EF2392004975FD /* XCTest.framework */; };
		0A6D6F0718EF2392004975FD /* Foundation.framework in Frameworks */ = {isa = PBXBuildFile; fileRef = 0A6D6EEC18EF2392004975FD /* Foundation.framework */; };
		0A6D6F0818EF2393004975FD /* UIKit.framework in Frameworks */ = {isa = PBXBuildFile; fileRef = 0A6D6EF018EF2392004975FD /* UIKit.framework */; };
		0A6D6F1018EF2393004975FD /* InfoPlist.strings in Resources */ = {isa = PBXBuildFile; fileRef = 0A6D6F0E18EF2393004975FD /* InfoPlist.strings */; };
		0A6D6F1218EF2393004975FD /* NaatamaiTests.m in Sources */ = {isa = PBXBuildFile; fileRef = 0A6D6F1118EF2393004975FD /* NaatamaiTests.m */; };
		0A6D6F4418EF2EF0004975FD /* YMLCommentsViewController.m in Sources */ = {isa = PBXBuildFile; fileRef = 0A6D6F3618EF2EF0004975FD /* YMLCommentsViewController.m */; };
		0A6D6F4518EF2EF0004975FD /* YMLCommentsViewController.xib in Resources */ = {isa = PBXBuildFile; fileRef = 0A6D6F3718EF2EF0004975FD /* YMLCommentsViewController.xib */; };
		0A6D6F4618EF2EF0004975FD /* YMLEquipmentDetailViewController.m in Sources */ = {isa = PBXBuildFile; fileRef = 0A6D6F3918EF2EF0004975FD /* YMLEquipmentDetailViewController.m */; };
		0A6D6F4718EF2EF0004975FD /* YMLEquipmentDetailViewController.xib in Resources */ = {isa = PBXBuildFile; fileRef = 0A6D6F3A18EF2EF0004975FD /* YMLEquipmentDetailViewController.xib */; };
		0A6D6F4818EF2EF0004975FD /* YMLRegisterViewController.m in Sources */ = {isa = PBXBuildFile; fileRef = 0A6D6F3C18EF2EF0004975FD /* YMLRegisterViewController.m */; };
		0A6D6F4918EF2EF0004975FD /* YMLRegisterViewController.xib in Resources */ = {isa = PBXBuildFile; fileRef = 0A6D6F3D18EF2EF0004975FD /* YMLRegisterViewController.xib */; };
		0A6D6F4A18EF2EF0004975FD /* YMLWelcomeViewController.m in Sources */ = {isa = PBXBuildFile; fileRef = 0A6D6F3F18EF2EF0004975FD /* YMLWelcomeViewController.m */; };
		0A6D6F4B18EF2EF0004975FD /* YMLWelcomeViewController.xib in Resources */ = {isa = PBXBuildFile; fileRef = 0A6D6F4018EF2EF0004975FD /* YMLWelcomeViewController.xib */; };
		0A6D6F4C18EF2EF0004975FD /* YMLWorkOutViewController.m in Sources */ = {isa = PBXBuildFile; fileRef = 0A6D6F4218EF2EF0004975FD /* YMLWorkOutViewController.m */; };
		0A6D6F4D18EF2EF0004975FD /* YMLWorkOutViewController.xib in Resources */ = {isa = PBXBuildFile; fileRef = 0A6D6F4318EF2EF0004975FD /* YMLWorkOutViewController.xib */; };
		0A6D6F4F18EF2F1A004975FD /* AVFoundation.framework in Frameworks */ = {isa = PBXBuildFile; fileRef = 0A6D6F4E18EF2F1A004975FD /* AVFoundation.framework */; };
		0A6D6F5118EF2F20004975FD /* CoreBluetooth.framework in Frameworks */ = {isa = PBXBuildFile; fileRef = 0A6D6F5018EF2F20004975FD /* CoreBluetooth.framework */; };
		0A6D6F5318EF2F28004975FD /* CoreLocation.framework in Frameworks */ = {isa = PBXBuildFile; fileRef = 0A6D6F5218EF2F28004975FD /* CoreLocation.framework */; };
		0A6D6F5518EF2F32004975FD /* QuartzCore.framework in Frameworks */ = {isa = PBXBuildFile; fileRef = 0A6D6F5418EF2F32004975FD /* QuartzCore.framework */; };
		0A6D6F5C18EF2FE6004975FD /* YMLDataManager.m in Sources */ = {isa = PBXBuildFile; fileRef = 0A6D6F5B18EF2FE6004975FD /* YMLDataManager.m */; };
		0A6D6F5F18EF33D2004975FD /* YMLEquipmentData.m in Sources */ = {isa = PBXBuildFile; fileRef = 0A6D6F5E18EF33D2004975FD /* YMLEquipmentData.m */; };
		0A6D6F6B18EF44D1004975FD /* mediaCustomCell.m in Sources */ = {isa = PBXBuildFile; fileRef = 0A6D6F6918EF44D1004975FD /* mediaCustomCell.m */; };
		0A6D6F6C18EF44D1004975FD /* mediaCustomCell.xib in Resources */ = {isa = PBXBuildFile; fileRef = 0A6D6F6A18EF44D1004975FD /* mediaCustomCell.xib */; };
		0A6D6F7318EF4891004975FD /* Bg_1@2x.png in Resources */ = {isa = PBXBuildFile; fileRef = 0A6D6F6F18EF4891004975FD /* Bg_1@2x.png */; };
		0A6D6F7418EF4891004975FD /* Bg_2@2x.png in Resources */ = {isa = PBXBuildFile; fileRef = 0A6D6F7018EF4891004975FD /* Bg_2@2x.png */; };
		0A6D6F7518EF4891004975FD /* play_button.png in Resources */ = {isa = PBXBuildFile; fileRef = 0A6D6F7118EF4891004975FD /* play_button.png */; };
		0A6D6F7618EF4891004975FD /* play_button@2x.png in Resources */ = {isa = PBXBuildFile; fileRef = 0A6D6F7218EF4891004975FD /* play_button@2x.png */; };
		0A6D6F8318EF4A1A004975FD /* begin_workout.png in Resources */ = {isa = PBXBuildFile; fileRef = 0A6D6F7718EF4A1A004975FD /* begin_workout.png */; };
		0A6D6F8418EF4A1A004975FD /* begin_workout@2x.png in Resources */ = {isa = PBXBuildFile; fileRef = 0A6D6F7818EF4A1A004975FD /* begin_workout@2x.png */; };
		0A6D6F8518EF4A1A004975FD /* workout_1.png in Resources */ = {isa = PBXBuildFile; fileRef = 0A6D6F7918EF4A1A004975FD /* workout_1.png */; };
		0A6D6F8618EF4A1A004975FD /* workout_1@2x.png in Resources */ = {isa = PBXBuildFile; fileRef = 0A6D6F7A18EF4A1A004975FD /* workout_1@2x.png */; };
		0A6D6F8718EF4A1A004975FD /* workout_2.png in Resources */ = {isa = PBXBuildFile; fileRef = 0A6D6F7B18EF4A1A004975FD /* workout_2.png */; };
		0A6D6F8818EF4A1A004975FD /* workout_2@2x.png in Resources */ = {isa = PBXBuildFile; fileRef = 0A6D6F7C18EF4A1A004975FD /* workout_2@2x.png */; };
		0A6D6F8918EF4A1A004975FD /* workout_3.png in Resources */ = {isa = PBXBuildFile; fileRef = 0A6D6F7D18EF4A1A004975FD /* workout_3.png */; };
		0A6D6F8A18EF4A1A004975FD /* workout_3@2x.png in Resources */ = {isa = PBXBuildFile; fileRef = 0A6D6F7E18EF4A1A004975FD /* workout_3@2x.png */; };
		0A6D6F8B18EF4A1A004975FD /* workout_4.png in Resources */ = {isa = PBXBuildFile; fileRef = 0A6D6F7F18EF4A1A004975FD /* workout_4.png */; };
		0A6D6F8C18EF4A1A004975FD /* workout_4@2x.png in Resources */ = {isa = PBXBuildFile; fileRef = 0A6D6F8018EF4A1A004975FD /* workout_4@2x.png */; };
		0A6D6F8D18EF4A1A004975FD /* workout_5.png in Resources */ = {isa = PBXBuildFile; fileRef = 0A6D6F8118EF4A1A004975FD /* workout_5.png */; };
		0A6D6F8E18EF4A1A004975FD /* workout_5@2x.png in Resources */ = {isa = PBXBuildFile; fileRef = 0A6D6F8218EF4A1A004975FD /* workout_5@2x.png */; };
		0A6D6F9518EF50E6004975FD /* BebasNeue Bold.otf in Resources */ = {isa = PBXBuildFile; fileRef = 0A6D6F9018EF50E6004975FD /* BebasNeue Bold.otf */; };
		0A6D6F9618EF50E6004975FD /* BebasNeue Book.otf in Resources */ = {isa = PBXBuildFile; fileRef = 0A6D6F9118EF50E6004975FD /* BebasNeue Book.otf */; };
		0A6D6F9718EF50E6004975FD /* BebasNeue Light.otf in Resources */ = {isa = PBXBuildFile; fileRef = 0A6D6F9218EF50E6004975FD /* BebasNeue Light.otf */; };
		0A6D6F9818EF50E6004975FD /* BebasNeue Regular.otf in Resources */ = {isa = PBXBuildFile; fileRef = 0A6D6F9318EF50E6004975FD /* BebasNeue Regular.otf */; };
		0A6D6F9918EF50E6004975FD /* BebasNeue Thin.otf in Resources */ = {isa = PBXBuildFile; fileRef = 0A6D6F9418EF50E6004975FD /* BebasNeue Thin.otf */; };
		0A6D6F9E18EF551A004975FD /* back_arrow.png in Resources */ = {isa = PBXBuildFile; fileRef = 0A6D6F9A18EF551A004975FD /* back_arrow.png */; };
		0A6D6F9F18EF551A004975FD /* back_arrow@2x.png in Resources */ = {isa = PBXBuildFile; fileRef = 0A6D6F9B18EF551A004975FD /* back_arrow@2x.png */; };
		0A6D6FA018EF551A004975FD /* body_image.png in Resources */ = {isa = PBXBuildFile; fileRef = 0A6D6F9C18EF551A004975FD /* body_image.png */; };
		0A6D6FA118EF551A004975FD /* body_image@2x.png in Resources */ = {isa = PBXBuildFile; fileRef = 0A6D6F9D18EF551A004975FD /* body_image@2x.png */; };
/* End PBXBuildFile section */

/* Begin PBXContainerItemProxy section */
		0A6D6F0918EF2393004975FD /* PBXContainerItemProxy */ = {
			isa = PBXContainerItemProxy;
			containerPortal = 0A6D6EE118EF2392004975FD /* Project object */;
			proxyType = 1;
			remoteGlobalIDString = 0A6D6EE818EF2392004975FD;
			remoteInfo = Naatamai;
		};
/* End PBXContainerItemProxy section */

/* Begin PBXFileReference section */
		0A6D6EE918EF2392004975FD /* Naatamai.app */ = {isa = PBXFileReference; explicitFileType = wrapper.application; includeInIndex = 0; path = Naatamai.app; sourceTree = BUILT_PRODUCTS_DIR; };
		0A6D6EEC18EF2392004975FD /* Foundation.framework */ = {isa = PBXFileReference; lastKnownFileType = wrapper.framework; name = Foundation.framework; path = System/Library/Frameworks/Foundation.framework; sourceTree = SDKROOT; };
		0A6D6EEE18EF2392004975FD /* CoreGraphics.framework */ = {isa = PBXFileReference; lastKnownFileType = wrapper.framework; name = CoreGraphics.framework; path = System/Library/Frameworks/CoreGraphics.framework; sourceTree = SDKROOT; };
		0A6D6EF018EF2392004975FD /* UIKit.framework */ = {isa = PBXFileReference; lastKnownFileType = wrapper.framework; name = UIKit.framework; path = System/Library/Frameworks/UIKit.framework; sourceTree = SDKROOT; };
		0A6D6EF418EF2392004975FD /* Naatamai-Info.plist */ = {isa = PBXFileReference; lastKnownFileType = text.plist.xml; path = "Naatamai-Info.plist"; sourceTree = "<group>"; };
		0A6D6EF618EF2392004975FD /* en */ = {isa = PBXFileReference; lastKnownFileType = text.plist.strings; name = en; path = en.lproj/InfoPlist.strings; sourceTree = "<group>"; };
		0A6D6EF818EF2392004975FD /* main.m */ = {isa = PBXFileReference; lastKnownFileType = sourcecode.c.objc; path = main.m; sourceTree = "<group>"; };
		0A6D6EFA18EF2392004975FD /* Naatamai-Prefix.pch */ = {isa = PBXFileReference; lastKnownFileType = sourcecode.c.h; path = "Naatamai-Prefix.pch"; sourceTree = "<group>"; };
		0A6D6EFB18EF2392004975FD /* YMLAppDelegate.h */ = {isa = PBXFileReference; lastKnownFileType = sourcecode.c.h; path = YMLAppDelegate.h; sourceTree = "<group>"; };
		0A6D6EFC18EF2392004975FD /* YMLAppDelegate.m */ = {isa = PBXFileReference; lastKnownFileType = sourcecode.c.objc; path = YMLAppDelegate.m; sourceTree = "<group>"; };
		0A6D6EFE18EF2392004975FD /* Images.xcassets */ = {isa = PBXFileReference; lastKnownFileType = folder.assetcatalog; path = Images.xcassets; sourceTree = "<group>"; };
		0A6D6F0418EF2392004975FD /* NaatamaiTests.xctest */ = {isa = PBXFileReference; explicitFileType = wrapper.cfbundle; includeInIndex = 0; path = NaatamaiTests.xctest; sourceTree = BUILT_PRODUCTS_DIR; };
		0A6D6F0518EF2392004975FD /* XCTest.framework */ = {isa = PBXFileReference; lastKnownFileType = wrapper.framework; name = XCTest.framework; path = Library/Frameworks/XCTest.framework; sourceTree = DEVELOPER_DIR; };
		0A6D6F0D18EF2393004975FD /* NaatamaiTests-Info.plist */ = {isa = PBXFileReference; lastKnownFileType = text.plist.xml; path = "NaatamaiTests-Info.plist"; sourceTree = "<group>"; };
		0A6D6F0F18EF2393004975FD /* en */ = {isa = PBXFileReference; lastKnownFileType = text.plist.strings; name = en; path = en.lproj/InfoPlist.strings; sourceTree = "<group>"; };
		0A6D6F1118EF2393004975FD /* NaatamaiTests.m */ = {isa = PBXFileReference; lastKnownFileType = sourcecode.c.objc; path = NaatamaiTests.m; sourceTree = "<group>"; };
		0A6D6F3518EF2EF0004975FD /* YMLCommentsViewController.h */ = {isa = PBXFileReference; fileEncoding = 4; lastKnownFileType = sourcecode.c.h; path = YMLCommentsViewController.h; sourceTree = "<group>"; };
		0A6D6F3618EF2EF0004975FD /* YMLCommentsViewController.m */ = {isa = PBXFileReference; fileEncoding = 4; lastKnownFileType = sourcecode.c.objc; path = YMLCommentsViewController.m; sourceTree = "<group>"; };
		0A6D6F3718EF2EF0004975FD /* YMLCommentsViewController.xib */ = {isa = PBXFileReference; fileEncoding = 4; lastKnownFileType = file.xib; path = YMLCommentsViewController.xib; sourceTree = "<group>"; };
		0A6D6F3818EF2EF0004975FD /* YMLEquipmentDetailViewController.h */ = {isa = PBXFileReference; fileEncoding = 4; lastKnownFileType = sourcecode.c.h; path = YMLEquipmentDetailViewController.h; sourceTree = "<group>"; };
		0A6D6F3918EF2EF0004975FD /* YMLEquipmentDetailViewController.m */ = {isa = PBXFileReference; fileEncoding = 4; lastKnownFileType = sourcecode.c.objc; path = YMLEquipmentDetailViewController.m; sourceTree = "<group>"; };
		0A6D6F3A18EF2EF0004975FD /* YMLEquipmentDetailViewController.xib */ = {isa = PBXFileReference; fileEncoding = 4; lastKnownFileType = file.xib; path = YMLEquipmentDetailViewController.xib; sourceTree = "<group>"; };
		0A6D6F3B18EF2EF0004975FD /* YMLRegisterViewController.h */ = {isa = PBXFileReference; fileEncoding = 4; lastKnownFileType = sourcecode.c.h; path = YMLRegisterViewController.h; sourceTree = "<group>"; };
		0A6D6F3C18EF2EF0004975FD /* YMLRegisterViewController.m */ = {isa = PBXFileReference; fileEncoding = 4; lastKnownFileType = sourcecode.c.objc; path = YMLRegisterViewController.m; sourceTree = "<group>"; };
		0A6D6F3D18EF2EF0004975FD /* YMLRegisterViewController.xib */ = {isa = PBXFileReference; fileEncoding = 4; lastKnownFileType = file.xib; path = YMLRegisterViewController.xib; sourceTree = "<group>"; };
		0A6D6F3E18EF2EF0004975FD /* YMLWelcomeViewController.h */ = {isa = PBXFileReference; fileEncoding = 4; lastKnownFileType = sourcecode.c.h; path = YMLWelcomeViewController.h; sourceTree = "<group>"; };
		0A6D6F3F18EF2EF0004975FD /* YMLWelcomeViewController.m */ = {isa = PBXFileReference; fileEncoding = 4; lastKnownFileType = sourcecode.c.objc; path = YMLWelcomeViewController.m; sourceTree = "<group>"; };
		0A6D6F4018EF2EF0004975FD /* YMLWelcomeViewController.xib */ = {isa = PBXFileReference; fileEncoding = 4; lastKnownFileType = file.xib; path = YMLWelcomeViewController.xib; sourceTree = "<group>"; };
		0A6D6F4118EF2EF0004975FD /* YMLWorkOutViewController.h */ = {isa = PBXFileReference; fileEncoding = 4; lastKnownFileType = sourcecode.c.h; path = YMLWorkOutViewController.h; sourceTree = "<group>"; };
		0A6D6F4218EF2EF0004975FD /* YMLWorkOutViewController.m */ = {isa = PBXFileReference; fileEncoding = 4; lastKnownFileType = sourcecode.c.objc; path = YMLWorkOutViewController.m; sourceTree = "<group>"; };
		0A6D6F4318EF2EF0004975FD /* YMLWorkOutViewController.xib */ = {isa = PBXFileReference; fileEncoding = 4; lastKnownFileType = file.xib; path = YMLWorkOutViewController.xib; sourceTree = "<group>"; };
		0A6D6F4E18EF2F1A004975FD /* AVFoundation.framework */ = {isa = PBXFileReference; lastKnownFileType = wrapper.framework; name = AVFoundation.framework; path = System/Library/Frameworks/AVFoundation.framework; sourceTree = SDKROOT; };
		0A6D6F5018EF2F20004975FD /* CoreBluetooth.framework */ = {isa = PBXFileReference; lastKnownFileType = wrapper.framework; name = CoreBluetooth.framework; path = System/Library/Frameworks/CoreBluetooth.framework; sourceTree = SDKROOT; };
		0A6D6F5218EF2F28004975FD /* CoreLocation.framework */ = {isa = PBXFileReference; lastKnownFileType = wrapper.framework; name = CoreLocation.framework; path = System/Library/Frameworks/CoreLocation.framework; sourceTree = SDKROOT; };
		0A6D6F5418EF2F32004975FD /* QuartzCore.framework */ = {isa = PBXFileReference; lastKnownFileType = wrapper.framework; name = QuartzCore.framework; path = System/Library/Frameworks/QuartzCore.framework; sourceTree = SDKROOT; };
		0A6D6F5A18EF2FE6004975FD /* YMLDataManager.h */ = {isa = PBXFileReference; fileEncoding = 4; lastKnownFileType = sourcecode.c.h; path = YMLDataManager.h; sourceTree = "<group>"; };
		0A6D6F5B18EF2FE6004975FD /* YMLDataManager.m */ = {isa = PBXFileReference; fileEncoding = 4; lastKnownFileType = sourcecode.c.objc; path = YMLDataManager.m; sourceTree = "<group>"; };
		0A6D6F5D18EF33D2004975FD /* YMLEquipmentData.h */ = {isa = PBXFileReference; fileEncoding = 4; lastKnownFileType = sourcecode.c.h; path = YMLEquipmentData.h; sourceTree = "<group>"; };
		0A6D6F5E18EF33D2004975FD /* YMLEquipmentData.m */ = {isa = PBXFileReference; fileEncoding = 4; lastKnownFileType = sourcecode.c.objc; path = YMLEquipmentData.m; sourceTree = "<group>"; };
		0A6D6F6418EF4234004975FD /* YMLDefines.h */ = {isa = PBXFileReference; fileEncoding = 4; lastKnownFileType = sourcecode.c.h; path = YMLDefines.h; sourceTree = "<group>"; };
		0A6D6F6818EF44D1004975FD /* mediaCustomCell.h */ = {isa = PBXFileReference; fileEncoding = 4; lastKnownFileType = sourcecode.c.h; path = mediaCustomCell.h; sourceTree = "<group>"; };
		0A6D6F6918EF44D1004975FD /* mediaCustomCell.m */ = {isa = PBXFileReference; fileEncoding = 4; lastKnownFileType = sourcecode.c.objc; path = mediaCustomCell.m; sourceTree = "<group>"; };
		0A6D6F6A18EF44D1004975FD /* mediaCustomCell.xib */ = {isa = PBXFileReference; fileEncoding = 4; lastKnownFileType = file.xib; path = mediaCustomCell.xib; sourceTree = "<group>"; };
		0A6D6F6F18EF4891004975FD /* Bg_1@2x.png */ = {isa = PBXFileReference; lastKnownFileType = image.png; path = "Bg_1@2x.png"; sourceTree = "<group>"; };
		0A6D6F7018EF4891004975FD /* Bg_2@2x.png */ = {isa = PBXFileReference; lastKnownFileType = image.png; path = "Bg_2@2x.png"; sourceTree = "<group>"; };
		0A6D6F7118EF4891004975FD /* play_button.png */ = {isa = PBXFileReference; lastKnownFileType = image.png; path = play_button.png; sourceTree = "<group>"; };
		0A6D6F7218EF4891004975FD /* play_button@2x.png */ = {isa = PBXFileReference; lastKnownFileType = image.png; path = "play_button@2x.png"; sourceTree = "<group>"; };
		0A6D6F7718EF4A1A004975FD /* begin_workout.png */ = {isa = PBXFileReference; lastKnownFileType = image.png; path = begin_workout.png; sourceTree = "<group>"; };
		0A6D6F7818EF4A1A004975FD /* begin_workout@2x.png */ = {isa = PBXFileReference; lastKnownFileType = image.png; path = "begin_workout@2x.png"; sourceTree = "<group>"; };
		0A6D6F7918EF4A1A004975FD /* workout_1.png */ = {isa = PBXFileReference; lastKnownFileType = image.png; path = workout_1.png; sourceTree = "<group>"; };
		0A6D6F7A18EF4A1A004975FD /* workout_1@2x.png */ = {isa = PBXFileReference; lastKnownFileType = image.png; path = "workout_1@2x.png"; sourceTree = "<group>"; };
		0A6D6F7B18EF4A1A004975FD /* workout_2.png */ = {isa = PBXFileReference; lastKnownFileType = image.png; path = workout_2.png; sourceTree = "<group>"; };
		0A6D6F7C18EF4A1A004975FD /* workout_2@2x.png */ = {isa = PBXFileReference; lastKnownFileType = image.png; path = "workout_2@2x.png"; sourceTree = "<group>"; };
		0A6D6F7D18EF4A1A004975FD /* workout_3.png */ = {isa = PBXFileReference; lastKnownFileType = image.png; path = workout_3.png; sourceTree = "<group>"; };
		0A6D6F7E18EF4A1A004975FD /* workout_3@2x.png */ = {isa = PBXFileReference; lastKnownFileType = image.png; path = "workout_3@2x.png"; sourceTree = "<group>"; };
		0A6D6F7F18EF4A1A004975FD /* workout_4.png */ = {isa = PBXFileReference; lastKnownFileType = image.png; path = workout_4.png; sourceTree = "<group>"; };
		0A6D6F8018EF4A1A004975FD /* workout_4@2x.png */ = {isa = PBXFileReference; lastKnownFileType = image.png; path = "workout_4@2x.png"; sourceTree = "<group>"; };
		0A6D6F8118EF4A1A004975FD /* workout_5.png */ = {isa = PBXFileReference; lastKnownFileType = image.png; path = workout_5.png; sourceTree = "<group>"; };
		0A6D6F8218EF4A1A004975FD /* workout_5@2x.png */ = {isa = PBXFileReference; lastKnownFileType = image.png; path = "workout_5@2x.png"; sourceTree = "<group>"; };
		0A6D6F9018EF50E6004975FD /* BebasNeue Bold.otf */ = {isa = PBXFileReference; lastKnownFileType = file; path = "BebasNeue Bold.otf"; sourceTree = "<group>"; };
		0A6D6F9118EF50E6004975FD /* BebasNeue Book.otf */ = {isa = PBXFileReference; lastKnownFileType = file; path = "BebasNeue Book.otf"; sourceTree = "<group>"; };
		0A6D6F9218EF50E6004975FD /* BebasNeue Light.otf */ = {isa = PBXFileReference; lastKnownFileType = file; path = "BebasNeue Light.otf"; sourceTree = "<group>"; };
		0A6D6F9318EF50E6004975FD /* BebasNeue Regular.otf */ = {isa = PBXFileReference; lastKnownFileType = file; path = "BebasNeue Regular.otf"; sourceTree = "<group>"; };
		0A6D6F9418EF50E6004975FD /* BebasNeue Thin.otf */ = {isa = PBXFileReference; lastKnownFileType = file; path = "BebasNeue Thin.otf"; sourceTree = "<group>"; };
		0A6D6F9A18EF551A004975FD /* back_arrow.png */ = {isa = PBXFileReference; lastKnownFileType = image.png; path = back_arrow.png; sourceTree = "<group>"; };
		0A6D6F9B18EF551A004975FD /* back_arrow@2x.png */ = {isa = PBXFileReference; lastKnownFileType = image.png; path = "back_arrow@2x.png"; sourceTree = "<group>"; };
		0A6D6F9C18EF551A004975FD /* body_image.png */ = {isa = PBXFileReference; lastKnownFileType = image.png; path = body_image.png; sourceTree = "<group>"; };
		0A6D6F9D18EF551A004975FD /* body_image@2x.png */ = {isa = PBXFileReference; lastKnownFileType = image.png; path = "body_image@2x.png"; sourceTree = "<group>"; };
/* End PBXFileReference section */

/* Begin PBXFrameworksBuildPhase section */
		0A6D6EE618EF2392004975FD /* Frameworks */ = {
			isa = PBXFrameworksBuildPhase;
			buildActionMask = 2147483647;
			files = (
				0A6D6F5518EF2F32004975FD /* QuartzCore.framework in Frameworks */,
				0A6D6F5318EF2F28004975FD /* CoreLocation.framework in Frameworks */,
				0A6D6F5118EF2F20004975FD /* CoreBluetooth.framework in Frameworks */,
				0A6D6F4F18EF2F1A004975FD /* AVFoundation.framework in Frameworks */,
				0A6D6EEF18EF2392004975FD /* CoreGraphics.framework in Frameworks */,
				0A6D6EF118EF2392004975FD /* UIKit.framework in Frameworks */,
				0A6D6EED18EF2392004975FD /* Foundation.framework in Frameworks */,
			);
			runOnlyForDeploymentPostprocessing = 0;
		};
		0A6D6F0118EF2392004975FD /* Frameworks */ = {
			isa = PBXFrameworksBuildPhase;
			buildActionMask = 2147483647;
			files = (
				0A6D6F0618EF2392004975FD /* XCTest.framework in Frameworks */,
				0A6D6F0818EF2393004975FD /* UIKit.framework in Frameworks */,
				0A6D6F0718EF2392004975FD /* Foundation.framework in Frameworks */,
			);
			runOnlyForDeploymentPostprocessing = 0;
		};
/* End PBXFrameworksBuildPhase section */

/* Begin PBXGroup section */
		0A6D6EE018EF2392004975FD = {
			isa = PBXGroup;
			children = (
				0A6D6EF218EF2392004975FD /* Naatamai */,
				0A6D6F0B18EF2393004975FD /* NaatamaiTests */,
				0A6D6EEB18EF2392004975FD /* Frameworks */,
				0A6D6EEA18EF2392004975FD /* Products */,
			);
			sourceTree = "<group>";
		};
		0A6D6EEA18EF2392004975FD /* Products */ = {
			isa = PBXGroup;
			children = (
				0A6D6EE918EF2392004975FD /* Naatamai.app */,
				0A6D6F0418EF2392004975FD /* NaatamaiTests.xctest */,
			);
			name = Products;
			sourceTree = "<group>";
		};
		0A6D6EEB18EF2392004975FD /* Frameworks */ = {
			isa = PBXGroup;
			children = (
				0A6D6F5418EF2F32004975FD /* QuartzCore.framework */,
				0A6D6F5218EF2F28004975FD /* CoreLocation.framework */,
				0A6D6F5018EF2F20004975FD /* CoreBluetooth.framework */,
				0A6D6F4E18EF2F1A004975FD /* AVFoundation.framework */,
				0A6D6EEC18EF2392004975FD /* Foundation.framework */,
				0A6D6EEE18EF2392004975FD /* CoreGraphics.framework */,
				0A6D6EF018EF2392004975FD /* UIKit.framework */,
				0A6D6F0518EF2392004975FD /* XCTest.framework */,
			);
			name = Frameworks;
			sourceTree = "<group>";
		};
		0A6D6EF218EF2392004975FD /* Naatamai */ = {
			isa = PBXGroup;
			children = (
				0A6D6F3418EF2EF0004975FD /* Controllers */,
				0A6D6F6318EF4234004975FD /* Helpers */,
				0A6D6EFE18EF2392004975FD /* Images.xcassets */,
				0A6D6F5918EF2FE6004975FD /* Model */,
				0A6D6F6D18EF4891004975FD /* Resources */,
				0A6D6EF318EF2392004975FD /* Supporting Files */,
				0A6D6F6718EF44D1004975FD /* Views */,
				0A6D6EFB18EF2392004975FD /* YMLAppDelegate.h */,
				0A6D6EFC18EF2392004975FD /* YMLAppDelegate.m */,
			);
			path = Naatamai;
			sourceTree = "<group>";
		};
		0A6D6EF318EF2392004975FD /* Supporting Files */ = {
			isa = PBXGroup;
			children = (
				0A6D6EF418EF2392004975FD /* Naatamai-Info.plist */,
				0A6D6EF518EF2392004975FD /* InfoPlist.strings */,
				0A6D6EF818EF2392004975FD /* main.m */,
				0A6D6EFA18EF2392004975FD /* Naatamai-Prefix.pch */,
			);
			name = "Supporting Files";
			sourceTree = "<group>";
		};
		0A6D6F0B18EF2393004975FD /* NaatamaiTests */ = {
			isa = PBXGroup;
			children = (
				0A6D6F1118EF2393004975FD /* NaatamaiTests.m */,
				0A6D6F0C18EF2393004975FD /* Supporting Files */,
			);
			path = NaatamaiTests;
			sourceTree = "<group>";
		};
		0A6D6F0C18EF2393004975FD /* Supporting Files */ = {
			isa = PBXGroup;
			children = (
				0A6D6F0D18EF2393004975FD /* NaatamaiTests-Info.plist */,
				0A6D6F0E18EF2393004975FD /* InfoPlist.strings */,
			);
			name = "Supporting Files";
			sourceTree = "<group>";
		};
		0A6D6F3418EF2EF0004975FD /* Controllers */ = {
			isa = PBXGroup;
			children = (
				0A6D6F3518EF2EF0004975FD /* YMLCommentsViewController.h */,
				0A6D6F3618EF2EF0004975FD /* YMLCommentsViewController.m */,
				0A6D6F3718EF2EF0004975FD /* YMLCommentsViewController.xib */,
				0A6D6F3818EF2EF0004975FD /* YMLEquipmentDetailViewController.h */,
				0A6D6F3918EF2EF0004975FD /* YMLEquipmentDetailViewController.m */,
				0A6D6F3A18EF2EF0004975FD /* YMLEquipmentDetailViewController.xib */,
				0A6D6F3B18EF2EF0004975FD /* YMLRegisterViewController.h */,
				0A6D6F3C18EF2EF0004975FD /* YMLRegisterViewController.m */,
				0A6D6F3D18EF2EF0004975FD /* YMLRegisterViewController.xib */,
				0A6D6F3E18EF2EF0004975FD /* YMLWelcomeViewController.h */,
				0A6D6F3F18EF2EF0004975FD /* YMLWelcomeViewController.m */,
				0A6D6F4018EF2EF0004975FD /* YMLWelcomeViewController.xib */,
				0A6D6F4118EF2EF0004975FD /* YMLWorkOutViewController.h */,
				0A6D6F4218EF2EF0004975FD /* YMLWorkOutViewController.m */,
				0A6D6F4318EF2EF0004975FD /* YMLWorkOutViewController.xib */,
			);
			path = Controllers;
			sourceTree = "<group>";
		};
		0A6D6F5918EF2FE6004975FD /* Model */ = {
			isa = PBXGroup;
			children = (
				0A6D6F5A18EF2FE6004975FD /* YMLDataManager.h */,
				0A6D6F5B18EF2FE6004975FD /* YMLDataManager.m */,
				0A6D6F5D18EF33D2004975FD /* YMLEquipmentData.h */,
				0A6D6F5E18EF33D2004975FD /* YMLEquipmentData.m */,
			);
			path = Model;
			sourceTree = "<group>";
		};
		0A6D6F6318EF4234004975FD /* Helpers */ = {
			isa = PBXGroup;
			children = (
				0A6D6F6418EF4234004975FD /* YMLDefines.h */,
			);
			path = Helpers;
			sourceTree = "<group>";
		};
		0A6D6F6718EF44D1004975FD /* Views */ = {
			isa = PBXGroup;
			children = (
				0A6D6F6818EF44D1004975FD /* mediaCustomCell.h */,
				0A6D6F6918EF44D1004975FD /* mediaCustomCell.m */,
				0A6D6F6A18EF44D1004975FD /* mediaCustomCell.xib */,
			);
			path = Views;
			sourceTree = "<group>";
		};
		0A6D6F6D18EF4891004975FD /* Resources */ = {
			isa = PBXGroup;
			children = (
				0A6D6F8F18EF50E6004975FD /* Fonts */,
				0A6D6F6E18EF4891004975FD /* Images */,
			);
			path = Resources;
			sourceTree = "<group>";
		};
		0A6D6F6E18EF4891004975FD /* Images */ = {
			isa = PBXGroup;
			children = (
				0A6D6F9A18EF551A004975FD /* back_arrow.png */,
				0A6D6F9B18EF551A004975FD /* back_arrow@2x.png */,
				0A6D6F9C18EF551A004975FD /* body_image.png */,
				0A6D6F9D18EF551A004975FD /* body_image@2x.png */,
				0A6D6F7718EF4A1A004975FD /* begin_workout.png */,
				0A6D6F7818EF4A1A004975FD /* begin_workout@2x.png */,
				0A6D6F7918EF4A1A004975FD /* workout_1.png */,
				0A6D6F7A18EF4A1A004975FD /* workout_1@2x.png */,
				0A6D6F7B18EF4A1A004975FD /* workout_2.png */,
				0A6D6F7C18EF4A1A004975FD /* workout_2@2x.png */,
				0A6D6F7D18EF4A1A004975FD /* workout_3.png */,
				0A6D6F7E18EF4A1A004975FD /* workout_3@2x.png */,
				0A6D6F7F18EF4A1A004975FD /* workout_4.png */,
				0A6D6F8018EF4A1A004975FD /* workout_4@2x.png */,
				0A6D6F8118EF4A1A004975FD /* workout_5.png */,
				0A6D6F8218EF4A1A004975FD /* workout_5@2x.png */,
				0A6D6F6F18EF4891004975FD /* Bg_1@2x.png */,
				0A6D6F7018EF4891004975FD /* Bg_2@2x.png */,
				0A6D6F7118EF4891004975FD /* play_button.png */,
				0A6D6F7218EF4891004975FD /* play_button@2x.png */,
			);
			path = Images;
			sourceTree = "<group>";
		};
		0A6D6F8F18EF50E6004975FD /* Fonts */ = {
			isa = PBXGroup;
			children = (
				0A6D6F9018EF50E6004975FD /* BebasNeue Bold.otf */,
				0A6D6F9118EF50E6004975FD /* BebasNeue Book.otf */,
				0A6D6F9218EF50E6004975FD /* BebasNeue Light.otf */,
				0A6D6F9318EF50E6004975FD /* BebasNeue Regular.otf */,
				0A6D6F9418EF50E6004975FD /* BebasNeue Thin.otf */,
			);
			path = Fonts;
			sourceTree = "<group>";
		};
/* End PBXGroup section */

/* Begin PBXNativeTarget section */
		0A6D6EE818EF2392004975FD /* Naatamai */ = {
			isa = PBXNativeTarget;
			buildConfigurationList = 0A6D6F1518EF2393004975FD /* Build configuration list for PBXNativeTarget "Naatamai" */;
			buildPhases = (
				0A6D6EE518EF2392004975FD /* Sources */,
				0A6D6EE618EF2392004975FD /* Frameworks */,
				0A6D6EE718EF2392004975FD /* Resources */,
			);
			buildRules = (
			);
			dependencies = (
			);
			name = Naatamai;
			productName = Naatamai;
			productReference = 0A6D6EE918EF2392004975FD /* Naatamai.app */;
			productType = "com.apple.product-type.application";
		};
		0A6D6F0318EF2392004975FD /* NaatamaiTests */ = {
			isa = PBXNativeTarget;
			buildConfigurationList = 0A6D6F1818EF2393004975FD /* Build configuration list for PBXNativeTarget "NaatamaiTests" */;
			buildPhases = (
				0A6D6F0018EF2392004975FD /* Sources */,
				0A6D6F0118EF2392004975FD /* Frameworks */,
				0A6D6F0218EF2392004975FD /* Resources */,
			);
			buildRules = (
			);
			dependencies = (
				0A6D6F0A18EF2393004975FD /* PBXTargetDependency */,
			);
			name = NaatamaiTests;
			productName = NaatamaiTests;
			productReference = 0A6D6F0418EF2392004975FD /* NaatamaiTests.xctest */;
			productType = "com.apple.product-type.bundle.unit-test";
		};
/* End PBXNativeTarget section */

/* Begin PBXProject section */
		0A6D6EE118EF2392004975FD /* Project object */ = {
			isa = PBXProject;
			attributes = {
				CLASSPREFIX = YML;
				LastUpgradeCheck = 0510;
				ORGANIZATIONNAME = "Ramsundar Shandilya";
				TargetAttributes = {
					0A6D6F0318EF2392004975FD = {
						TestTargetID = 0A6D6EE818EF2392004975FD;
					};
				};
			};
			buildConfigurationList = 0A6D6EE418EF2392004975FD /* Build configuration list for PBXProject "Naatamai" */;
			compatibilityVersion = "Xcode 3.2";
			developmentRegion = English;
			hasScannedForEncodings = 0;
			knownRegions = (
				en,
			);
			mainGroup = 0A6D6EE018EF2392004975FD;
			productRefGroup = 0A6D6EEA18EF2392004975FD /* Products */;
			projectDirPath = "";
			projectRoot = "";
			targets = (
				0A6D6EE818EF2392004975FD /* Naatamai */,
				0A6D6F0318EF2392004975FD /* NaatamaiTests */,
			);
		};
/* End PBXProject section */

/* Begin PBXResourcesBuildPhase section */
		0A6D6EE718EF2392004975FD /* Resources */ = {
			isa = PBXResourcesBuildPhase;
			buildActionMask = 2147483647;
			files = (
				0A6D6F9518EF50E6004975FD /* BebasNeue Bold.otf in Resources */,
				0A6D6F8B18EF4A1A004975FD /* workout_4.png in Resources */,
				0A6D6F9718EF50E6004975FD /* BebasNeue Light.otf in Resources */,
				0A6D6F7618EF4891004975FD /* play_button@2x.png in Resources */,
				0A6D6F4518EF2EF0004975FD /* YMLCommentsViewController.xib in Resources */,
				0A6D6F9918EF50E6004975FD /* BebasNeue Thin.otf in Resources */,
				0A6D6F8318EF4A1A004975FD /* begin_workout.png in Resources */,
				0A6D6F8818EF4A1A004975FD /* workout_2@2x.png in Resources */,
				0A6D6F9618EF50E6004975FD /* BebasNeue Book.otf in Resources */,
				0A6D6F4918EF2EF0004975FD /* YMLRegisterViewController.xib in Resources */,
				0A6D6F7418EF4891004975FD /* Bg_2@2x.png in Resources */,
				0A6D6F8D18EF4A1A004975FD /* workout_5.png in Resources */,
				0A6D6F8C18EF4A1A004975FD /* workout_4@2x.png in Resources */,
				0A6D6F9818EF50E6004975FD /* BebasNeue Regular.otf in Resources */,
				0A6D6F9F18EF551A004975FD /* back_arrow@2x.png in Resources */,
				0A6D6F4718EF2EF0004975FD /* YMLEquipmentDetailViewController.xib in Resources */,
				0A6D6EF718EF2392004975FD /* InfoPlist.strings in Resources */,
				0A6D6FA118EF551A004975FD /* body_image@2x.png in Resources */,
				0A6D6FA018EF551A004975FD /* body_image.png in Resources */,
				0A6D6F4B18EF2EF0004975FD /* YMLWelcomeViewController.xib in Resources */,
				0A6D6F8618EF4A1A004975FD /* workout_1@2x.png in Resources */,
				0A6D6F8A18EF4A1A004975FD /* workout_3@2x.png in Resources */,
				0A6D6F7318EF4891004975FD /* Bg_1@2x.png in Resources */,
				0A6D6EFF18EF2392004975FD /* Images.xcassets in Resources */,
				0A6D6F4D18EF2EF0004975FD /* YMLWorkOutViewController.xib in Resources */,
				0A6D6F9E18EF551A004975FD /* back_arrow.png in Resources */,
				0A6D6F8718EF4A1A004975FD /* workout_2.png in Resources */,
				0A6D6F8918EF4A1A004975FD /* workout_3.png in Resources */,
				0A6D6F6C18EF44D1004975FD /* mediaCustomCell.xib in Resources */,
				0A6D6F8E18EF4A1A004975FD /* workout_5@2x.png in Resources */,
				0A6D6F8518EF4A1A004975FD /* workout_1.png in Resources */,
				0A6D6F8418EF4A1A004975FD /* begin_workout@2x.png in Resources */,
				0A6D6F7518EF4891004975FD /* play_button.png in Resources */,
			);
			runOnlyForDeploymentPostprocessing = 0;
		};
		0A6D6F0218EF2392004975FD /* Resources */ = {
			isa = PBXResourcesBuildPhase;
			buildActionMask = 2147483647;
			files = (
				0A6D6F1018EF2393004975FD /* InfoPlist.strings in Resources */,
			);
			runOnlyForDeploymentPostprocessing = 0;
		};
/* End PBXResourcesBuildPhase section */

/* Begin PBXSourcesBuildPhase section */
		0A6D6EE518EF2392004975FD /* Sources */ = {
			isa = PBXSourcesBuildPhase;
			buildActionMask = 2147483647;
			files = (
				0A6D6F4818EF2EF0004975FD /* YMLRegisterViewController.m in Sources */,
				0A6D6F5F18EF33D2004975FD /* YMLEquipmentData.m in Sources */,
				0A6D6EF918EF2392004975FD /* main.m in Sources */,
				0A6D6F5C18EF2FE6004975FD /* YMLDataManager.m in Sources */,
				0A6D6F4618EF2EF0004975FD /* YMLEquipmentDetailViewController.m in Sources */,
				0A6D6EFD18EF2392004975FD /* YMLAppDelegate.m in Sources */,
				0A6D6F6B18EF44D1004975FD /* mediaCustomCell.m in Sources */,
				0A6D6F4A18EF2EF0004975FD /* YMLWelcomeViewController.m in Sources */,
				0A6D6F4418EF2EF0004975FD /* YMLCommentsViewController.m in Sources */,
				0A6D6F4C18EF2EF0004975FD /* YMLWorkOutViewController.m in Sources */,
			);
			runOnlyForDeploymentPostprocessing = 0;
		};
		0A6D6F0018EF2392004975FD /* Sources */ = {
			isa = PBXSourcesBuildPhase;
			buildActionMask = 2147483647;
			files = (
				0A6D6F1218EF2393004975FD /* NaatamaiTests.m in Sources */,
			);
			runOnlyForDeploymentPostprocessing = 0;
		};
/* End PBXSourcesBuildPhase section */

/* Begin PBXTargetDependency section */
		0A6D6F0A18EF2393004975FD /* PBXTargetDependency */ = {
			isa = PBXTargetDependency;
			target = 0A6D6EE818EF2392004975FD /* Naatamai */;
			targetProxy = 0A6D6F0918EF2393004975FD /* PBXContainerItemProxy */;
		};
/* End PBXTargetDependency section */

/* Begin PBXVariantGroup section */
		0A6D6EF518EF2392004975FD /* InfoPlist.strings */ = {
			isa = PBXVariantGroup;
			children = (
				0A6D6EF618EF2392004975FD /* en */,
			);
			name = InfoPlist.strings;
			sourceTree = "<group>";
		};
		0A6D6F0E18EF2393004975FD /* InfoPlist.strings */ = {
			isa = PBXVariantGroup;
			children = (
				0A6D6F0F18EF2393004975FD /* en */,
			);
			name = InfoPlist.strings;
			sourceTree = "<group>";
		};
/* End PBXVariantGroup section */

/* Begin XCBuildConfiguration section */
		0A6D6F1318EF2393004975FD /* Debug */ = {
			isa = XCBuildConfiguration;
			buildSettings = {
				ALWAYS_SEARCH_USER_PATHS = NO;
				CLANG_CXX_LANGUAGE_STANDARD = "gnu++0x";
				CLANG_CXX_LIBRARY = "libc++";
				CLANG_ENABLE_MODULES = YES;
				CLANG_ENABLE_OBJC_ARC = YES;
				CLANG_WARN_BOOL_CONVERSION = YES;
				CLANG_WARN_CONSTANT_CONVERSION = YES;
				CLANG_WARN_DIRECT_OBJC_ISA_USAGE = YES_ERROR;
				CLANG_WARN_EMPTY_BODY = YES;
				CLANG_WARN_ENUM_CONVERSION = YES;
				CLANG_WARN_INT_CONVERSION = YES;
				CLANG_WARN_OBJC_ROOT_CLASS = YES_ERROR;
				CLANG_WARN__DUPLICATE_METHOD_MATCH = YES;
				"CODE_SIGN_IDENTITY[sdk=iphoneos*]" = "iPhone Developer";
				COPY_PHASE_STRIP = NO;
				GCC_C_LANGUAGE_STANDARD = gnu99;
				GCC_DYNAMIC_NO_PIC = NO;
				GCC_OPTIMIZATION_LEVEL = 0;
				GCC_PREPROCESSOR_DEFINITIONS = (
					"DEBUG=1",
					"$(inherited)",
				);
				GCC_SYMBOLS_PRIVATE_EXTERN = NO;
				GCC_WARN_64_TO_32_BIT_CONVERSION = YES;
				GCC_WARN_ABOUT_RETURN_TYPE = YES_ERROR;
				GCC_WARN_UNDECLARED_SELECTOR = YES;
				GCC_WARN_UNINITIALIZED_AUTOS = YES_AGGRESSIVE;
				GCC_WARN_UNUSED_FUNCTION = YES;
				GCC_WARN_UNUSED_VARIABLE = YES;
				IPHONEOS_DEPLOYMENT_TARGET = 7.1;
				ONLY_ACTIVE_ARCH = YES;
				SDKROOT = iphoneos;
			};
			name = Debug;
		};
		0A6D6F1418EF2393004975FD /* Release */ = {
			isa = XCBuildConfiguration;
			buildSettings = {
				ALWAYS_SEARCH_USER_PATHS = NO;
				CLANG_CXX_LANGUAGE_STANDARD = "gnu++0x";
				CLANG_CXX_LIBRARY = "libc++";
				CLANG_ENABLE_MODULES = YES;
				CLANG_ENABLE_OBJC_ARC = YES;
				CLANG_WARN_BOOL_CONVERSION = YES;
				CLANG_WARN_CONSTANT_CONVERSION = YES;
				CLANG_WARN_DIRECT_OBJC_ISA_USAGE = YES_ERROR;
				CLANG_WARN_EMPTY_BODY = YES;
				CLANG_WARN_ENUM_CONVERSION = YES;
				CLANG_WARN_INT_CONVERSION = YES;
				CLANG_WARN_OBJC_ROOT_CLASS = YES_ERROR;
				CLANG_WARN__DUPLICATE_METHOD_MATCH = YES;
				"CODE_SIGN_IDENTITY[sdk=iphoneos*]" = "iPhone Developer";
				COPY_PHASE_STRIP = YES;
				ENABLE_NS_ASSERTIONS = NO;
				GCC_C_LANGUAGE_STANDARD = gnu99;
				GCC_WARN_64_TO_32_BIT_CONVERSION = YES;
				GCC_WARN_ABOUT_RETURN_TYPE = YES_ERROR;
				GCC_WARN_UNDECLARED_SELECTOR = YES;
				GCC_WARN_UNINITIALIZED_AUTOS = YES_AGGRESSIVE;
				GCC_WARN_UNUSED_FUNCTION = YES;
				GCC_WARN_UNUSED_VARIABLE = YES;
				IPHONEOS_DEPLOYMENT_TARGET = 7.1;
				SDKROOT = iphoneos;
				VALIDATE_PRODUCT = YES;
			};
			name = Release;
		};
		0A6D6F1618EF2393004975FD /* Debug */ = {
			isa = XCBuildConfiguration;
			buildSettings = {
				ASSETCATALOG_COMPILER_APPICON_NAME = AppIcon;
				ASSETCATALOG_COMPILER_LAUNCHIMAGE_NAME = LaunchImage;
				GCC_PRECOMPILE_PREFIX_HEADER = YES;
				GCC_PREFIX_HEADER = "Naatamai/Naatamai-Prefix.pch";
				INFOPLIST_FILE = "Naatamai/Naatamai-Info.plist";
				PRODUCT_NAME = "$(TARGET_NAME)";
				PROVISIONING_PROFILE = "0F4F9A97-40A1-442D-9B7A-B577DDFCA848";
				WRAPPER_EXTENSION = app;
			};
			name = Debug;
		};
		0A6D6F1718EF2393004975FD /* Release */ = {
			isa = XCBuildConfiguration;
			buildSettings = {
				ASSETCATALOG_COMPILER_APPICON_NAME = AppIcon;
				ASSETCATALOG_COMPILER_LAUNCHIMAGE_NAME = LaunchImage;
				GCC_PRECOMPILE_PREFIX_HEADER = YES;
				GCC_PREFIX_HEADER = "Naatamai/Naatamai-Prefix.pch";
				INFOPLIST_FILE = "Naatamai/Naatamai-Info.plist";
				PRODUCT_NAME = "$(TARGET_NAME)";
				PROVISIONING_PROFILE = "0F4F9A97-40A1-442D-9B7A-B577DDFCA848";
				WRAPPER_EXTENSION = app;
			};
			name = Release;
		};
		0A6D6F1918EF2393004975FD /* Debug */ = {
			isa = XCBuildConfiguration;
			buildSettings = {
				BUNDLE_LOADER = "$(BUILT_PRODUCTS_DIR)/Naatamai.app/Naatamai";
				FRAMEWORK_SEARCH_PATHS = (
					"$(SDKROOT)/Developer/Library/Frameworks",
					"$(inherited)",
					"$(DEVELOPER_FRAMEWORKS_DIR)",
				);
				GCC_PRECOMPILE_PREFIX_HEADER = YES;
				GCC_PREFIX_HEADER = "Naatamai/Naatamai-Prefix.pch";
				GCC_PREPROCESSOR_DEFINITIONS = (
					"DEBUG=1",
					"$(inherited)",
				);
				INFOPLIST_FILE = "NaatamaiTests/NaatamaiTests-Info.plist";
				PRODUCT_NAME = "$(TARGET_NAME)";
				TEST_HOST = "$(BUNDLE_LOADER)";
				WRAPPER_EXTENSION = xctest;
			};
			name = Debug;
		};
		0A6D6F1A18EF2393004975FD /* Release */ = {
			isa = XCBuildConfiguration;
			buildSettings = {
				BUNDLE_LOADER = "$(BUILT_PRODUCTS_DIR)/Naatamai.app/Naatamai";
				FRAMEWORK_SEARCH_PATHS = (
					"$(SDKROOT)/Developer/Library/Frameworks",
					"$(inherited)",
					"$(DEVELOPER_FRAMEWORKS_DIR)",
				);
				GCC_PRECOMPILE_PREFIX_HEADER = YES;
				GCC_PREFIX_HEADER = "Naatamai/Naatamai-Prefix.pch";
				INFOPLIST_FILE = "NaatamaiTests/NaatamaiTests-Info.plist";
				PRODUCT_NAME = "$(TARGET_NAME)";
				TEST_HOST = "$(BUNDLE_LOADER)";
				WRAPPER_EXTENSION = xctest;
			};
			name = Release;
		};
/* End XCBuildConfiguration section */

/* Begin XCConfigurationList section */
		0A6D6EE418EF2392004975FD /* Build configuration list for PBXProject "Naatamai" */ = {
			isa = XCConfigurationList;
			buildConfigurations = (
				0A6D6F1318EF2393004975FD /* Debug */,
				0A6D6F1418EF2393004975FD /* Release */,
			);
			defaultConfigurationIsVisible = 0;
			defaultConfigurationName = Release;
		};
		0A6D6F1518EF2393004975FD /* Build configuration list for PBXNativeTarget "Naatamai" */ = {
			isa = XCConfigurationList;
			buildConfigurations = (
				0A6D6F1618EF2393004975FD /* Debug */,
				0A6D6F1718EF2393004975FD /* Release */,
			);
			defaultConfigurationIsVisible = 0;
			defaultConfigurationName = Release;
		};
		0A6D6F1818EF2393004975FD /* Build configuration list for PBXNativeTarget "NaatamaiTests" */ = {
			isa = XCConfigurationList;
			buildConfigurations = (
				0A6D6F1918EF2393004975FD /* Debug */,
				0A6D6F1A18EF2393004975FD /* Release */,
			);
			defaultConfigurationIsVisible = 0;
			defaultConfigurationName = Release;
		};
/* End XCConfigurationList section */
	};
	rootObject = 0A6D6EE118EF2392004975FD /* Project object */;
}
